
Microsoft Visual Studio Solution File, Format Version 12.00
# Visual Studio Version 17
VisualStudioVersion = 17.3.32929.385
MinimumVisualStudioVersion = 10.0.40219.1
Project("{FAE04EC0-301F-11D3-BF4B-00C04F79EFBC}") = "WpfContainersApp", "WpfContainersApp\WpfContainersApp.csproj", "{7FD41F42-B93E-4135-AB68-5C2C2532B204}"
EndProject
Global
	GlobalSection(SolutionConfigurationPlatforms) = preSolution
		Debug|Any CPU = Debug|Any CPU
		Release|Any CPU = Release|Any CPU
	EndGlobalSection
	GlobalSection(ProjectConfigurationPlatforms) = postSolution
		{7FD41F42-B93E-4135-AB68-5C2C2532B204}.Debug|Any CPU.ActiveCfg = Debug|Any CPU
		{7FD41F42-B93E-4135-AB68-5C2C2532B204}.Debug|Any CPU.Build.0 = Debug|Any CPU
		{7FD41F42-B93E-4135-AB68-5C2C2532B204}.Release|Any CPU.ActiveCfg = Release|Any CPU
		{7FD41F42-B93E-4135-AB68-5C2C2532B204}.Release|Any CPU.Build.0 = Release|Any CPU
	EndGlobalSection
	GlobalSection(SolutionProperties) = preSolution
		HideSolutionNode = FALSE
	EndGlobalSection
	GlobalSection(ExtensibilityGlobals) = postSolution
		SolutionGuid = {52AA4873-CCC6-4DB3-BDEC-E5A238E02A92}
	EndGlobalSection
EndGlobal
